
Microsoft Visual Studio Solution File, Format Version 12.00
# Visual Studio Version 17
VisualStudioVersion = 17.10.34928.147
MinimumVisualStudioVersion = 10.0.40219.1
Project("{8BC9CEB8-8B4A-11D0-8D11-00A0C91BC942}") = "01.10.24.N.001", "01.10.24.N.001\01.10.24.N.001.vcxproj", "{323EB86F-4472-482D-97D2-4D84A028C099}"
EndProject
Project("{8BC9CEB8-8B4A-11D0-8D11-00A0C91BC942}") = "01.10.24.N.002", "01.10.24.N.002\01.10.24.N.002.vcxproj", "{F22E7A8A-7A0D-410F-8FE5-8460DA900E20}"
EndProject
Project("{8BC9CEB8-8B4A-11D0-8D11-00A0C91BC942}") = "01.10.24.N.003", "01.10.24.N.003\01.10.24.N.003.vcxproj", "{76D5F3BD-7EC7-43A0-A5A5-2D1D7AA0A774}"
EndProject
Global
	GlobalSection(SolutionConfigurationPlatforms) = preSolution
		Debug|x64 = Debug|x64
		Debug|x86 = Debug|x86
		Release|x64 = Release|x64
		Release|x86 = Release|x86
	EndGlobalSection
	GlobalSection(ProjectConfigurationPlatforms) = postSolution
		{323EB86F-4472-482D-97D2-4D84A028C099}.Debug|x64.ActiveCfg = Debug|x64
		{323EB86F-4472-482D-97D2-4D84A028C099}.Debug|x64.Build.0 = Debug|x64
		{323EB86F-4472-482D-97D2-4D84A028C099}.Debug|x86.ActiveCfg = Debug|Win32
		{323EB86F-4472-482D-97D2-4D84A028C099}.Debug|x86.Build.0 = Debug|Win32
		{323EB86F-4472-482D-97D2-4D84A028C099}.Release|x64.ActiveCfg = Release|x64
		{323EB86F-4472-482D-97D2-4D84A028C099}.Release|x64.Build.0 = Release|x64
		{323EB86F-4472-482D-97D2-4D84A028C099}.Release|x86.ActiveCfg = Release|Win32
		{323EB86F-4472-482D-97D2-4D84A028C099}.Release|x86.Build.0 = Release|Win32
		{F22E7A8A-7A0D-410F-8FE5-8460DA900E20}.Debug|x64.ActiveCfg = Debug|x64
		{F22E7A8A-7A0D-410F-8FE5-8460DA900E20}.Debug|x64.Build.0 = Debug|x64
		{F22E7A8A-7A0D-410F-8FE5-8460DA900E20}.Debug|x86.ActiveCfg = Debug|Win32
		{F22E7A8A-7A0D-410F-8FE5-8460DA900E20}.Debug|x86.Build.0 = Debug|Win32
		{F22E7A8A-7A0D-410F-8FE5-8460DA900E20}.Release|x64.ActiveCfg = Release|x64
		{F22E7A8A-7A0D-410F-8FE5-8460DA900E20}.Release|x64.Build.0 = Release|x64
		{F22E7A8A-7A0D-410F-8FE5-8460DA900E20}.Release|x86.ActiveCfg = Release|Win32
		{F22E7A8A-7A0D-410F-8FE5-8460DA900E20}.Release|x86.Build.0 = Release|Win32
		{76D5F3BD-7EC7-43A0-A5A5-2D1D7AA0A774}.Debug|x64.ActiveCfg = Debug|x64
		{76D5F3BD-7EC7-43A0-A5A5-2D1D7AA0A774}.Debug|x64.Build.0 = Debug|x64
		{76D5F3BD-7EC7-43A0-A5A5-2D1D7AA0A774}.Debug|x86.ActiveCfg = Debug|Win32
		{76D5F3BD-7EC7-43A0-A5A5-2D1D7AA0A774}.Debug|x86.Build.0 = Debug|Win32
		{76D5F3BD-7EC7-43A0-A5A5-2D1D7AA0A774}.Release|x64.ActiveCfg = Release|x64
		{76D5F3BD-7EC7-43A0-A5A5-2D1D7AA0A774}.Release|x64.Build.0 = Release|x64
		{76D5F3BD-7EC7-43A0-A5A5-2D1D7AA0A774}.Release|x86.ActiveCfg = Release|Win32
		{76D5F3BD-7EC7-43A0-A5A5-2D1D7AA0A774}.Release|x86.Build.0 = Release|Win32
	EndGlobalSection
	GlobalSection(SolutionProperties) = preSolution
		HideSolutionNode = FALSE
	EndGlobalSection
	GlobalSection(ExtensibilityGlobals) = postSolution
		SolutionGuid = {19D51438-4E40-4E15-8E0F-10B6B7BD18EB}
	EndGlobalSection
EndGlobal
